// !$*UTF8*$!
{
	archiveVersion = 1;
	classes = {
	};
	objectVersion = 48;
	objects = {

/* Begin PBXBuildFile section */
		50CBA18B20302B4500560402 /* AppDelegate.swift in Sources */ = {isa = PBXBuildFile; fileRef = 50CBA18A20302B4500560402 /* AppDelegate.swift */; };
		50CBA18D20302B4500560402 /* ViewController.swift in Sources */ = {isa = PBXBuildFile; fileRef = 50CBA18C20302B4500560402 /* ViewController.swift */; };
		50CBA19020302B4500560402 /* Main.storyboard in Resources */ = {isa = PBXBuildFile; fileRef = 50CBA18E20302B4500560402 /* Main.storyboard */; };
		50CBA19320302B4500560402 /* SampleResearch.xcdatamodeld in Sources */ = {isa = PBXBuildFile; fileRef = 50CBA19120302B4500560402 /* SampleResearch.xcdatamodeld */; };
		50CBA19520302B4500560402 /* Assets.xcassets in Resources */ = {isa = PBXBuildFile; fileRef = 50CBA19420302B4500560402 /* Assets.xcassets */; };
		50CBA19820302B4500560402 /* LaunchScreen.storyboard in Resources */ = {isa = PBXBuildFile; fileRef = 50CBA19620302B4500560402 /* LaunchScreen.storyboard */; };
/* End PBXBuildFile section */

/* Begin PBXFileReference section */
		50CBA18720302B4500560402 /* SampleResearch.app */ = {isa = PBXFileReference; explicitFileType = wrapper.application; includeInIndex = 0; path = SampleResearch.app; sourceTree = BUILT_PRODUCTS_DIR; };
		50CBA18A20302B4500560402 /* AppDelegate.swift */ = {isa = PBXFileReference; lastKnownFileType = sourcecode.swift; path = AppDelegate.swift; sourceTree = "<group>"; };
		50CBA18C20302B4500560402 /* ViewController.swift */ = {isa = PBXFileReference; lastKnownFileType = sourcecode.swift; path = ViewController.swift; sourceTree = "<group>"; };
		50CBA18F20302B4500560402 /* Base */ = {isa = PBXFileReference; lastKnownFileType = file.storyboard; name = Base; path = Base.lproj/Main.storyboard; sourceTree = "<group>"; };
		50CBA19220302B4500560402 /* SampleResearch.xcdatamodel */ = {isa = PBXFileReference; lastKnownFileType = wrapper.xcdatamodel; path = SampleResearch.xcdatamodel; sourceTree = "<group>"; };
		50CBA19420302B4500560402 /* Assets.xcassets */ = {isa = PBXFileReference; lastKnownFileType = folder.assetcatalog; path = Assets.xcassets; sourceTree = "<group>"; };
		50CBA19720302B4500560402 /* Base */ = {isa = PBXFileReference; lastKnownFileType = file.storyboard; name = Base; path = Base.lproj/LaunchScreen.storyboard; sourceTree = "<group>"; };
		50CBA19920302B4500560402 /* Info.plist */ = {isa = PBXFileReference; lastKnownFileType = text.plist.xml; path = Info.plist; sourceTree = "<group>"; };
/* End PBXFileReference section */

/* Begin PBXFrameworksBuildPhase section */
		50CBA18420302B4500560402 /* Frameworks */ = {
			isa = PBXFrameworksBuildPhase;
			buildActionMask = 2147483647;
			files = (
			);
			runOnlyForDeploymentPostprocessing = 0;
		};
/* End PBXFrameworksBuildPhase section */

/* Begin PBXGroup section */
		50CBA17E20302B4400560402 = {
			isa = PBXGroup;
			children = (
				50CBA18920302B4500560402 /* SampleResearch */,
				50CBA18820302B4500560402 /* Products */,
			);
			sourceTree = "<group>";
		};
		50CBA18820302B4500560402 /* Products */ = {
			isa = PBXGroup;
			children = (
				50CBA18720302B4500560402 /* SampleResearch.app */,
			);
			name = Products;
			sourceTree = "<group>";
		};
		50CBA18920302B4500560402 /* SampleResearch */ = {
			isa = PBXGroup;
			children = (
				50CBA18A20302B4500560402 /* AppDelegate.swift */,
				50CBA18C20302B4500560402 /* ViewController.swift */,
				50CBA18E20302B4500560402 /* Main.storyboard */,
				50CBA19420302B4500560402 /* Assets.xcassets */,
				50CBA19620302B4500560402 /* LaunchScreen.storyboard */,
				50CBA19920302B4500560402 /* Info.plist */,
				50CBA19120302B4500560402 /* SampleResearch.xcdatamodeld */,
			);
			path = SampleResearch;
			sourceTree = "<group>";
		};
/* End PBXGroup section */

/* Begin PBXNativeTarget section */
		50CBA18620302B4500560402 /* SampleResearch */ = {
			isa = PBXNativeTarget;
			buildConfigurationList = 50CBA19C20302B4500560402 /* Build configuration list for PBXNativeTarget "SampleResearch" */;
			buildPhases = (
				50CBA18320302B4500560402 /* Sources */,
				50CBA18420302B4500560402 /* Frameworks */,
				50CBA18520302B4500560402 /* Resources */,
			);
			buildRules = (
			);
			dependencies = (
			);
			name = SampleResearch;
			productName = SampleResearch;
			productReference = 50CBA18720302B4500560402 /* SampleResearch.app */;
			productType = "com.apple.product-type.application";
		};
/* End PBXNativeTarget section */

/* Begin PBXProject section */
		50CBA17F20302B4400560402 /* Project object */ = {
			isa = PBXProject;
			attributes = {
				LastSwiftUpdateCheck = 0900;
				LastUpgradeCheck = 0900;
				ORGANIZATIONNAME = Philips;
				TargetAttributes = {
					50CBA18620302B4500560402 = {
						CreatedOnToolsVersion = 9.0;
						ProvisioningStyle = Automatic;
					};
				};
			};
			buildConfigurationList = 50CBA18220302B4400560402 /* Build configuration list for PBXProject "SampleResearch" */;
			compatibilityVersion = "Xcode 8.0";
			developmentRegion = en;
			hasScannedForEncodings = 0;
			knownRegions = (
				en,
				Base,
			);
			mainGroup = 50CBA17E20302B4400560402;
			productRefGroup = 50CBA18820302B4500560402 /* Products */;
			projectDirPath = "";
			projectRoot = "";
			targets = (
				50CBA18620302B4500560402 /* SampleResearch */,
			);
		};
/* End PBXProject section */

/* Begin PBXResourcesBuildPhase section */
		50CBA18520302B4500560402 /* Resources */ = {
			isa = PBXResourcesBuildPhase;
			buildActionMask = 2147483647;
			files = (
				50CBA19820302B4500560402 /* LaunchScreen.storyboard in Resources */,
				50CBA19520302B4500560402 /* Assets.xcassets in Resources */,
				50CBA19020302B4500560402 /* Main.storyboard in Resources */,
			);
			runOnlyForDeploymentPostprocessing = 0;
		};
/* End PBXResourcesBuildPhase section */

/* Begin PBXSourcesBuildPhase section */
		50CBA18320302B4500560402 /* Sources */ = {
			isa = PBXSourcesBuildPhase;
			buildActionMask = 2147483647;
			files = (
				50CBA18D20302B4500560402 /* ViewController.swift in Sources */,
				50CBA19320302B4500560402 /* SampleResearch.xcdatamodeld in Sources */,
				50CBA18B20302B4500560402 /* AppDelegate.swift in Sources */,
			);
			runOnlyForDeploymentPostprocessing = 0;
		};
/* End PBXSourcesBuildPhase section */

/* Begin PBXVariantGroup section */
		50CBA18E20302B4500560402 /* Main.storyboard */ = {
			isa = PBXVariantGroup;
			children = (
				50CBA18F20302B4500560402 /* Base */,
			);
			name = Main.storyboard;
			sourceTree = "<group>";
		};
		50CBA19620302B4500560402 /* LaunchScreen.storyboard */ = {
			isa = PBXVariantGroup;
			children = (
				50CBA19720302B4500560402 /* Base */,
			);
			name = LaunchScreen.storyboard;
			sourceTree = "<group>";
		};
/* End PBXVariantGroup section */

/* Begin XCBuildConfiguration section */
		50CBA19A20302B4500560402 /* Debug */ = {
			isa = XCBuildConfiguration;
			buildSettings = {
				ALWAYS_SEARCH_USER_PATHS = NO;
				CLANG_ANALYZER_NONNULL = YES;
				CLANG_ANALYZER_NUMBER_OBJECT_CONVERSION = YES_AGGRESSIVE;
				CLANG_CXX_LANGUAGE_STANDARD = "gnu++14";
				CLANG_CXX_LIBRARY = "libc++";
				CLANG_ENABLE_MODULES = YES;
				CLANG_ENABLE_OBJC_ARC = YES;
				CLANG_WARN_BLOCK_CAPTURE_AUTORELEASING = YES;
				CLANG_WARN_BOOL_CONVERSION = YES;
				CLANG_WARN_COMMA = YES;
				CLANG_WARN_CONSTANT_CONVERSION = YES;
				CLANG_WARN_DIRECT_OBJC_ISA_USAGE = YES_ERROR;
				CLANG_WARN_DOCUMENTATION_COMMENTS = YES;
				CLANG_WARN_EMPTY_BODY = YES;
				CLANG_WARN_ENUM_CONVERSION = YES;
				CLANG_WARN_INFINITE_RECURSION = YES;
				CLANG_WARN_INT_CONVERSION = YES;
				CLANG_WARN_NON_LITERAL_NULL_CONVERSION = YES;
				CLANG_WARN_OBJC_LITERAL_CONVERSION = YES;
				CLANG_WARN_OBJC_ROOT_CLASS = YES_ERROR;
				CLANG_WARN_RANGE_LOOP_ANALYSIS = YES;
				CLANG_WARN_STRICT_PROTOTYPES = YES;
				CLANG_WARN_SUSPICIOUS_MOVE = YES;
				CLANG_WARN_UNGUARDED_AVAILABILITY = YES_AGGRESSIVE;
				CLANG_WARN_UNREACHABLE_CODE = YES;
				CLANG_WARN__DUPLICATE_METHOD_MATCH = YES;
				CODE_SIGN_IDENTITY = "iPhone Developer";
				COPY_PHASE_STRIP = NO;
				DEBUG_INFORMATION_FORMAT = dwarf;
				ENABLE_STRICT_OBJC_MSGSEND = YES;
				ENABLE_TESTABILITY = YES;
				GCC_C_LANGUAGE_STANDARD = gnu11;
				GCC_DYNAMIC_NO_PIC = NO;
				GCC_NO_COMMON_BLOCKS = YES;
				GCC_OPTIMIZATION_LEVEL = 0;
				GCC_PREPROCESSOR_DEFINITIONS = (
					"DEBUG=1",
					"$(inherited)",
				);
				GCC_WARN_64_TO_32_BIT_CONVERSION = YES;
				GCC_WARN_ABOUT_RETURN_TYPE = YES_ERROR;
				GCC_WARN_UNDECLARED_SELECTOR = YES;
				GCC_WARN_UNINITIALIZED_AUTOS = YES_AGGRESSIVE;
				GCC_WARN_UNUSED_FUNCTION = YES;
				GCC_WARN_UNUSED_VARIABLE = YES;
				IPHONEOS_DEPLOYMENT_TARGET = 11.0;
				MTL_ENABLE_DEBUG_INFO = YES;
				ONLY_ACTIVE_ARCH = YES;
				SDKROOT = iphoneos;
				SWIFT_ACTIVE_COMPILATION_CONDITIONS = DEBUG;
				SWIFT_OPTIMIZATION_LEVEL = "-Onone";
			};
			name = Debug;
		};
		50CBA19B20302B4500560402 /* Release */ = {
			isa = XCBuildConfiguration;
			buildSettings = {
				ALWAYS_SEARCH_USER_PATHS = NO;
				CLANG_ANALYZER_NONNULL = YES;
				CLANG_ANALYZER_NUMBER_OBJECT_CONVERSION = YES_AGGRESSIVE;
				CLANG_CXX_LANGUAGE_STANDARD = "gnu++14";
				CLANG_CXX_LIBRARY = "libc++";
				CLANG_ENABLE_MODULES = YES;
				CLANG_ENABLE_OBJC_ARC = YES;
				CLANG_WARN_BLOCK_CAPTURE_AUTORELEASING = YES;
				CLANG_WARN_BOOL_CONVERSION = YES;
				CLANG_WARN_COMMA = YES;
				CLANG_WARN_CONSTANT_CONVERSION = YES;
				CLANG_WARN_DIRECT_OBJC_ISA_USAGE = YES_ERROR;
				CLANG_WARN_DOCUMENTATION_COMMENTS = YES;
				CLANG_WARN_EMPTY_BODY = YES;
				CLANG_WARN_ENUM_CONVERSION = YES;
				CLANG_WARN_INFINITE_RECURSION = YES;
				CLANG_WARN_INT_CONVERSION = YES;
				CLANG_WARN_NON_LITERAL_NULL_CONVERSION = YES;
				CLANG_WARN_OBJC_LITERAL_CONVERSION = YES;
				CLANG_WARN_OBJC_ROOT_CLASS = YES_ERROR;
				CLANG_WARN_RANGE_LOOP_ANALYSIS = YES;
				CLANG_WARN_STRICT_PROTOTYPES = YES;
				CLANG_WARN_SUSPICIOUS_MOVE = YES;
				CLANG_WARN_UNGUARDED_AVAILABILITY = YES_AGGRESSIVE;
				CLANG_WARN_UNREACHABLE_CODE = YES;
				CLANG_WARN__DUPLICATE_METHOD_MATCH = YES;
				CODE_SIGN_IDENTITY = "iPhone Developer";
				COPY_PHASE_STRIP = NO;
				DEBUG_INFORMATION_FORMAT = "dwarf-with-dsym";
				ENABLE_NS_ASSERTIONS = NO;
				ENABLE_STRICT_OBJC_MSGSEND = YES;
				GCC_C_LANGUAGE_STANDARD = gnu11;
				GCC_NO_COMMON_BLOCKS = YES;
				GCC_WARN_64_TO_32_BIT_CONVERSION = YES;
				GCC_WARN_ABOUT_RETURN_TYPE = YES_ERROR;
				GCC_WARN_UNDECLARED_SELECTOR = YES;
				GCC_WARN_UNINITIALIZED_AUTOS = YES_AGGRESSIVE;
				GCC_WARN_UNUSED_FUNCTION = YES;
				GCC_WARN_UNUSED_VARIABLE = YES;
				IPHONEOS_DEPLOYMENT_TARGET = 11.0;
				MTL_ENABLE_DEBUG_INFO = NO;
				SDKROOT = iphoneos;
				SWIFT_OPTIMIZATION_LEVEL = "-Owholemodule";
				VALIDATE_PRODUCT = YES;
			};
			name = Release;
		};
		50CBA19D20302B4500560402 /* Debug */ = {
			isa = XCBuildConfiguration;
			buildSettings = {
				ASSETCATALOG_COMPILER_APPICON_NAME = AppIcon;
				CODE_SIGN_STYLE = Automatic;
				INFOPLIST_FILE = SampleResearch/Info.plist;
				LD_RUNPATH_SEARCH_PATHS = "$(inherited) @executable_path/Frameworks";
				PRODUCT_BUNDLE_IDENTIFIER = com.philips.SampleResearch;
				PRODUCT_NAME = "$(TARGET_NAME)";
				SWIFT_VERSION = 4.0;
				TARGETED_DEVICE_FAMILY = "1,2";
			};
			name = Debug;
		};
		50CBA19E20302B4500560402 /* Release */ = {
			isa = XCBuildConfiguration;
			buildSettings = {
				ASSETCATALOG_COMPILER_APPICON_NAME = AppIcon;
				CODE_SIGN_STYLE = Automatic;
				INFOPLIST_FILE = SampleResearch/Info.plist;
				LD_RUNPATH_SEARCH_PATHS = "$(inherited) @executable_path/Frameworks";
				PRODUCT_BUNDLE_IDENTIFIER = com.philips.SampleResearch;
				PRODUCT_NAME = "$(TARGET_NAME)";
				SWIFT_VERSION = 4.0;
				TARGETED_DEVICE_FAMILY = "1,2";
			};
			name = Release;
		};
/* End XCBuildConfiguration section */

/* Begin XCConfigurationList section */
		50CBA18220302B4400560402 /* Build configuration list for PBXProject "SampleResearch" */ = {
			isa = XCConfigurationList;
			buildConfigurations = (
				50CBA19A20302B4500560402 /* Debug */,
				50CBA19B20302B4500560402 /* Release */,
			);
			defaultConfigurationIsVisible = 0;
			defaultConfigurationName = Release;
		};
		50CBA19C20302B4500560402 /* Build configuration list for PBXNativeTarget "SampleResearch" */ = {
			isa = XCConfigurationList;
			buildConfigurations = (
				50CBA19D20302B4500560402 /* Debug */,
				50CBA19E20302B4500560402 /* Release */,
			);
			defaultConfigurationIsVisible = 0;
			defaultConfigurationName = Release;
		};
/* End XCConfigurationList section */

/* Begin XCVersionGroup section */
		50CBA19120302B4500560402 /* SampleResearch.xcdatamodeld */ = {
			isa = XCVersionGroup;
			children = (
				50CBA19220302B4500560402 /* SampleResearch.xcdatamodel */,
			);
			currentVersion = 50CBA19220302B4500560402 /* SampleResearch.xcdatamodel */;
			path = SampleResearch.xcdatamodeld;
			sourceTree = "<group>";
			versionGroupType = wrapper.xcdatamodel;
		};
/* End XCVersionGroup section */
	};
	rootObject = 50CBA17F20302B4400560402 /* Project object */;
}
